// !$*UTF8*$!
{
	archiveVersion = 1;
	classes = {
	};
	objectVersion = 46;
	objects = {

/* Begin PBXBuildFile section */
		495D989D1C7508C6008BB6BA /* AppDelegate.swift in Sources */ = {isa = PBXBuildFile; fileRef = 495D989C1C7508C6008BB6BA /* AppDelegate.swift */; };
		495D989F1C7508C6008BB6BA /* ViewController.swift in Sources */ = {isa = PBXBuildFile; fileRef = 495D989E1C7508C6008BB6BA /* ViewController.swift */; };
		495D98A21C7508C6008BB6BA /* Main.storyboard in Resources */ = {isa = PBXBuildFile; fileRef = 495D98A01C7508C6008BB6BA /* Main.storyboard */; };
		495D98A41C7508C6008BB6BA /* Assets.xcassets in Resources */ = {isa = PBXBuildFile; fileRef = 495D98A31C7508C6008BB6BA /* Assets.xcassets */; };
		495D98A71C7508C6008BB6BA /* LaunchScreen.storyboard in Resources */ = {isa = PBXBuildFile; fileRef = 495D98A51C7508C6008BB6BA /* LaunchScreen.storyboard */; };
		495D98B21C7508C6008BB6BA /* BuscadorSwiftTests.swift in Sources */ = {isa = PBXBuildFile; fileRef = 495D98B11C7508C6008BB6BA /* BuscadorSwiftTests.swift */; };
		495D98BD1C7508C6008BB6BA /* BuscadorSwiftUITests.swift in Sources */ = {isa = PBXBuildFile; fileRef = 495D98BC1C7508C6008BB6BA /* BuscadorSwiftUITests.swift */; };
/* End PBXBuildFile section */

/* Begin PBXContainerItemProxy section */
		495D98AE1C7508C6008BB6BA /* PBXContainerItemProxy */ = {
			isa = PBXContainerItemProxy;
			containerPortal = 495D98911C7508C6008BB6BA /* Project object */;
			proxyType = 1;
			remoteGlobalIDString = 495D98981C7508C6008BB6BA;
			remoteInfo = BuscadorSwift;
		};
		495D98B91C7508C6008BB6BA /* PBXContainerItemProxy */ = {
			isa = PBXContainerItemProxy;
			containerPortal = 495D98911C7508C6008BB6BA /* Project object */;
			proxyType = 1;
			remoteGlobalIDString = 495D98981C7508C6008BB6BA;
			remoteInfo = BuscadorSwift;
		};
/* End PBXContainerItemProxy section */

/* Begin PBXFileReference section */
		495D98991C7508C6008BB6BA /* BuscadorSwift.app */ = {isa = PBXFileReference; explicitFileType = wrapper.application; includeInIndex = 0; path = BuscadorSwift.app; sourceTree = BUILT_PRODUCTS_DIR; };
		495D989C1C7508C6008BB6BA /* AppDelegate.swift */ = {isa = PBXFileReference; lastKnownFileType = sourcecode.swift; path = AppDelegate.swift; sourceTree = "<group>"; };
		495D989E1C7508C6008BB6BA /* ViewController.swift */ = {isa = PBXFileReference; lastKnownFileType = sourcecode.swift; path = ViewController.swift; sourceTree = "<group>"; };
		495D98A11C7508C6008BB6BA /* Base */ = {isa = PBXFileReference; lastKnownFileType = file.storyboard; name = Base; path = Base.lproj/Main.storyboard; sourceTree = "<group>"; };
		495D98A31C7508C6008BB6BA /* Assets.xcassets */ = {isa = PBXFileReference; lastKnownFileType = folder.assetcatalog; path = Assets.xcassets; sourceTree = "<group>"; };
		495D98A61C7508C6008BB6BA /* Base */ = {isa = PBXFileReference; lastKnownFileType = file.storyboard; name = Base; path = Base.lproj/LaunchScreen.storyboard; sourceTree = "<group>"; };
		495D98A81C7508C6008BB6BA /* Info.plist */ = {isa = PBXFileReference; lastKnownFileType = text.plist.xml; path = Info.plist; sourceTree = "<group>"; };
		495D98AD1C7508C6008BB6BA /* BuscadorSwiftTests.xctest */ = {isa = PBXFileReference; explicitFileType = wrapper.cfbundle; includeInIndex = 0; path = BuscadorSwiftTests.xctest; sourceTree = BUILT_PRODUCTS_DIR; };
		495D98B11C7508C6008BB6BA /* BuscadorSwiftTests.swift */ = {isa = PBXFileReference; lastKnownFileType = sourcecode.swift; path = BuscadorSwiftTests.swift; sourceTree = "<group>"; };
		495D98B31C7508C6008BB6BA /* Info.plist */ = {isa = PBXFileReference; lastKnownFileType = text.plist.xml; path = Info.plist; sourceTree = "<group>"; };
		495D98B81C7508C6008BB6BA /* BuscadorSwiftUITests.xctest */ = {isa = PBXFileReference; explicitFileType = wrapper.cfbundle; includeInIndex = 0; path = BuscadorSwiftUITests.xctest; sourceTree = BUILT_PRODUCTS_DIR; };
		495D98BC1C7508C6008BB6BA /* BuscadorSwiftUITests.swift */ = {isa = PBXFileReference; lastKnownFileType = sourcecode.swift; path = BuscadorSwiftUITests.swift; sourceTree = "<group>"; };
		495D98BE1C7508C6008BB6BA /* Info.plist */ = {isa = PBXFileReference; lastKnownFileType = text.plist.xml; path = Info.plist; sourceTree = "<group>"; };
/* End PBXFileReference section */

/* Begin PBXFrameworksBuildPhase section */
		495D98961C7508C6008BB6BA /* Frameworks */ = {
			isa = PBXFrameworksBuildPhase;
			buildActionMask = 2147483647;
			files = (
			);
			runOnlyForDeploymentPostprocessing = 0;
		};
		495D98AA1C7508C6008BB6BA /* Frameworks */ = {
			isa = PBXFrameworksBuildPhase;
			buildActionMask = 2147483647;
			files = (
			);
			runOnlyForDeploymentPostprocessing = 0;
		};
		495D98B51C7508C6008BB6BA /* Frameworks */ = {
			isa = PBXFrameworksBuildPhase;
			buildActionMask = 2147483647;
			files = (
			);
			runOnlyForDeploymentPostprocessing = 0;
		};
/* End PBXFrameworksBuildPhase section */

/* Begin PBXGroup section */
		495D98901C7508C6008BB6BA = {
			isa = PBXGroup;
			children = (
				495D989B1C7508C6008BB6BA /* BuscadorSwift */,
				495D98B01C7508C6008BB6BA /* BuscadorSwiftTests */,
				495D98BB1C7508C6008BB6BA /* BuscadorSwiftUITests */,
				495D989A1C7508C6008BB6BA /* Products */,
			);
			sourceTree = "<group>";
		};
		495D989A1C7508C6008BB6BA /* Products */ = {
			isa = PBXGroup;
			children = (
				495D98991C7508C6008BB6BA /* BuscadorSwift.app */,
				495D98AD1C7508C6008BB6BA /* BuscadorSwiftTests.xctest */,
				495D98B81C7508C6008BB6BA /* BuscadorSwiftUITests.xctest */,
			);
			name = Products;
			sourceTree = "<group>";
		};
		495D989B1C7508C6008BB6BA /* BuscadorSwift */ = {
			isa = PBXGroup;
			children = (
				495D989C1C7508C6008BB6BA /* AppDelegate.swift */,
				495D989E1C7508C6008BB6BA /* ViewController.swift */,
				495D98A01C7508C6008BB6BA /* Main.storyboard */,
				495D98A31C7508C6008BB6BA /* Assets.xcassets */,
				495D98A51C7508C6008BB6BA /* LaunchScreen.storyboard */,
				495D98A81C7508C6008BB6BA /* Info.plist */,
			);
			path = BuscadorSwift;
			sourceTree = "<group>";
		};
		495D98B01C7508C6008BB6BA /* BuscadorSwiftTests */ = {
			isa = PBXGroup;
			children = (
				495D98B11C7508C6008BB6BA /* BuscadorSwiftTests.swift */,
				495D98B31C7508C6008BB6BA /* Info.plist */,
			);
			path = BuscadorSwiftTests;
			sourceTree = "<group>";
		};
		495D98BB1C7508C6008BB6BA /* BuscadorSwiftUITests */ = {
			isa = PBXGroup;
			children = (
				495D98BC1C7508C6008BB6BA /* BuscadorSwiftUITests.swift */,
				495D98BE1C7508C6008BB6BA /* Info.plist */,
			);
			path = BuscadorSwiftUITests;
			sourceTree = "<group>";
		};
/* End PBXGroup section */

/* Begin PBXNativeTarget section */
		495D98981C7508C6008BB6BA /* BuscadorSwift */ = {
			isa = PBXNativeTarget;
			buildConfigurationList = 495D98C11C7508C6008BB6BA /* Build configuration list for PBXNativeTarget "BuscadorSwift" */;
			buildPhases = (
				495D98951C7508C6008BB6BA /* Sources */,
				495D98961C7508C6008BB6BA /* Frameworks */,
				495D98971C7508C6008BB6BA /* Resources */,
			);
			buildRules = (
			);
			dependencies = (
			);
			name = BuscadorSwift;
			productName = BuscadorSwift;
			productReference = 495D98991C7508C6008BB6BA /* BuscadorSwift.app */;
			productType = "com.apple.product-type.application";
		};
		495D98AC1C7508C6008BB6BA /* BuscadorSwiftTests */ = {
			isa = PBXNativeTarget;
			buildConfigurationList = 495D98C41C7508C6008BB6BA /* Build configuration list for PBXNativeTarget "BuscadorSwiftTests" */;
			buildPhases = (
				495D98A91C7508C6008BB6BA /* Sources */,
				495D98AA1C7508C6008BB6BA /* Frameworks */,
				495D98AB1C7508C6008BB6BA /* Resources */,
			);
			buildRules = (
			);
			dependencies = (
				495D98AF1C7508C6008BB6BA /* PBXTargetDependency */,
			);
			name = BuscadorSwiftTests;
			productName = BuscadorSwiftTests;
			productReference = 495D98AD1C7508C6008BB6BA /* BuscadorSwiftTests.xctest */;
			productType = "com.apple.product-type.bundle.unit-test";
		};
		495D98B71C7508C6008BB6BA /* BuscadorSwiftUITests */ = {
			isa = PBXNativeTarget;
			buildConfigurationList = 495D98C71C7508C6008BB6BA /* Build configuration list for PBXNativeTarget "BuscadorSwiftUITests" */;
			buildPhases = (
				495D98B41C7508C6008BB6BA /* Sources */,
				495D98B51C7508C6008BB6BA /* Frameworks */,
				495D98B61C7508C6008BB6BA /* Resources */,
			);
			buildRules = (
			);
			dependencies = (
				495D98BA1C7508C6008BB6BA /* PBXTargetDependency */,
			);
			name = BuscadorSwiftUITests;
			productName = BuscadorSwiftUITests;
			productReference = 495D98B81C7508C6008BB6BA /* BuscadorSwiftUITests.xctest */;
			productType = "com.apple.product-type.bundle.ui-testing";
		};
/* End PBXNativeTarget section */

/* Begin PBXProject section */
		495D98911C7508C6008BB6BA /* Project object */ = {
			isa = PBXProject;
			attributes = {
				LastSwiftUpdateCheck = 0720;
				LastUpgradeCheck = 0720;
				ORGANIZATIONNAME = devworms;
				TargetAttributes = {
					495D98981C7508C6008BB6BA = {
						CreatedOnToolsVersion = 7.2.1;
					};
					495D98AC1C7508C6008BB6BA = {
						CreatedOnToolsVersion = 7.2.1;
						TestTargetID = 495D98981C7508C6008BB6BA;
					};
					495D98B71C7508C6008BB6BA = {
						CreatedOnToolsVersion = 7.2.1;
						TestTargetID = 495D98981C7508C6008BB6BA;
					};
				};
			};
			buildConfigurationList = 495D98941C7508C6008BB6BA /* Build configuration list for PBXProject "BuscadorSwift" */;
			compatibilityVersion = "Xcode 3.2";
			developmentRegion = English;
			hasScannedForEncodings = 0;
			knownRegions = (
				en,
				Base,
			);
			mainGroup = 495D98901C7508C6008BB6BA;
			productRefGroup = 495D989A1C7508C6008BB6BA /* Products */;
			projectDirPath = "";
			projectRoot = "";
			targets = (
				495D98981C7508C6008BB6BA /* BuscadorSwift */,
				495D98AC1C7508C6008BB6BA /* BuscadorSwiftTests */,
				495D98B71C7508C6008BB6BA /* BuscadorSwiftUITests */,
			);
		};
/* End PBXProject section */

/* Begin PBXResourcesBuildPhase section */
		495D98971C7508C6008BB6BA /* Resources */ = {
			isa = PBXResourcesBuildPhase;
			buildActionMask = 2147483647;
			files = (
				495D98A71C7508C6008BB6BA /* LaunchScreen.storyboard in Resources */,
				495D98A41C7508C6008BB6BA /* Assets.xcassets in Resources */,
				495D98A21C7508C6008BB6BA /* Main.storyboard in Resources */,
			);
			runOnlyForDeploymentPostprocessing = 0;
		};
		495D98AB1C7508C6008BB6BA /* Resources */ = {
			isa = PBXResourcesBuildPhase;
			buildActionMask = 2147483647;
			files = (
			);
			runOnlyForDeploymentPostprocessing = 0;
		};
		495D98B61C7508C6008BB6BA /* Resources */ = {
			isa = PBXResourcesBuildPhase;
			buildActionMask = 2147483647;
			files = (
			);
			runOnlyForDeploymentPostprocessing = 0;
		};
/* End PBXResourcesBuildPhase section */

/* Begin PBXSourcesBuildPhase section */
		495D98951C7508C6008BB6BA /* Sources */ = {
			isa = PBXSourcesBuildPhase;
			buildActionMask = 2147483647;
			files = (
				495D989F1C7508C6008BB6BA /* ViewController.swift in Sources */,
				495D989D1C7508C6008BB6BA /* AppDelegate.swift in Sources */,
			);
			runOnlyForDeploymentPostprocessing = 0;
		};
		495D98A91C7508C6008BB6BA /* Sources */ = {
			isa = PBXSourcesBuildPhase;
			buildActionMask = 2147483647;
			files = (
				495D98B21C7508C6008BB6BA /* BuscadorSwiftTests.swift in Sources */,
			);
			runOnlyForDeploymentPostprocessing = 0;
		};
		495D98B41C7508C6008BB6BA /* Sources */ = {
			isa = PBXSourcesBuildPhase;
			buildActionMask = 2147483647;
			files = (
				495D98BD1C7508C6008BB6BA /* BuscadorSwiftUITests.swift in Sources */,
			);
			runOnlyForDeploymentPostprocessing = 0;
		};
/* End PBXSourcesBuildPhase section */

/* Begin PBXTargetDependency section */
		495D98AF1C7508C6008BB6BA /* PBXTargetDependency */ = {
			isa = PBXTargetDependency;
			target = 495D98981C7508C6008BB6BA /* BuscadorSwift */;
			targetProxy = 495D98AE1C7508C6008BB6BA /* PBXContainerItemProxy */;
		};
		495D98BA1C7508C6008BB6BA /* PBXTargetDependency */ = {
			isa = PBXTargetDependency;
			target = 495D98981C7508C6008BB6BA /* BuscadorSwift */;
			targetProxy = 495D98B91C7508C6008BB6BA /* PBXContainerItemProxy */;
		};
/* End PBXTargetDependency section */

/* Begin PBXVariantGroup section */
		495D98A01C7508C6008BB6BA /* Main.storyboard */ = {
			isa = PBXVariantGroup;
			children = (
				495D98A11C7508C6008BB6BA /* Base */,
			);
			name = Main.storyboard;
			sourceTree = "<group>";
		};
		495D98A51C7508C6008BB6BA /* LaunchScreen.storyboard */ = {
			isa = PBXVariantGroup;
			children = (
				495D98A61C7508C6008BB6BA /* Base */,
			);
			name = LaunchScreen.storyboard;
			sourceTree = "<group>";
		};
/* End PBXVariantGroup section */

/* Begin XCBuildConfiguration section */
		495D98BF1C7508C6008BB6BA /* Debug */ = {
			isa = XCBuildConfiguration;
			buildSettings = {
				ALWAYS_SEARCH_USER_PATHS = NO;
				CLANG_CXX_LANGUAGE_STANDARD = "gnu++0x";
				CLANG_CXX_LIBRARY = "libc++";
				CLANG_ENABLE_MODULES = YES;
				CLANG_ENABLE_OBJC_ARC = YES;
				CLANG_WARN_BOOL_CONVERSION = YES;
				CLANG_WARN_CONSTANT_CONVERSION = YES;
				CLANG_WARN_DIRECT_OBJC_ISA_USAGE = YES_ERROR;
				CLANG_WARN_EMPTY_BODY = YES;
				CLANG_WARN_ENUM_CONVERSION = YES;
				CLANG_WARN_INT_CONVERSION = YES;
				CLANG_WARN_OBJC_ROOT_CLASS = YES_ERROR;
				CLANG_WARN_UNREACHABLE_CODE = YES;
				CLANG_WARN__DUPLICATE_METHOD_MATCH = YES;
				"CODE_SIGN_IDENTITY[sdk=iphoneos*]" = "iPhone Developer";
				COPY_PHASE_STRIP = NO;
				DEBUG_INFORMATION_FORMAT = dwarf;
				ENABLE_STRICT_OBJC_MSGSEND = YES;
				ENABLE_TESTABILITY = YES;
				GCC_C_LANGUAGE_STANDARD = gnu99;
				GCC_DYNAMIC_NO_PIC = NO;
				GCC_NO_COMMON_BLOCKS = YES;
				GCC_OPTIMIZATION_LEVEL = 0;
				GCC_PREPROCESSOR_DEFINITIONS = (
					"DEBUG=1",
					"$(inherited)",
				);
				GCC_WARN_64_TO_32_BIT_CONVERSION = YES;
				GCC_WARN_ABOUT_RETURN_TYPE = YES_ERROR;
				GCC_WARN_UNDECLARED_SELECTOR = YES;
				GCC_WARN_UNINITIALIZED_AUTOS = YES_AGGRESSIVE;
				GCC_WARN_UNUSED_FUNCTION = YES;
				GCC_WARN_UNUSED_VARIABLE = YES;
				IPHONEOS_DEPLOYMENT_TARGET = 9.2;
				MTL_ENABLE_DEBUG_INFO = YES;
				ONLY_ACTIVE_ARCH = YES;
				SDKROOT = iphoneos;
				SWIFT_OPTIMIZATION_LEVEL = "-Onone";
				TARGETED_DEVICE_FAMILY = "1,2";
			};
			name = Debug;
		};
		495D98C01C7508C6008BB6BA /* Release */ = {
			isa = XCBuildConfiguration;
			buildSettings = {
				ALWAYS_SEARCH_USER_PATHS = NO;
				CLANG_CXX_LANGUAGE_STANDARD = "gnu++0x";
				CLANG_CXX_LIBRARY = "libc++";
				CLANG_ENABLE_MODULES = YES;
				CLANG_ENABLE_OBJC_ARC = YES;
				CLANG_WARN_BOOL_CONVERSION = YES;
				CLANG_WARN_CONSTANT_CONVERSION = YES;
				CLANG_WARN_DIRECT_OBJC_ISA_USAGE = YES_ERROR;
				CLANG_WARN_EMPTY_BODY = YES;
				CLANG_WARN_ENUM_CONVERSION = YES;
				CLANG_WARN_INT_CONVERSION = YES;
				CLANG_WARN_OBJC_ROOT_CLASS = YES_ERROR;
				CLANG_WARN_UNREACHABLE_CODE = YES;
				CLANG_WARN__DUPLICATE_METHOD_MATCH = YES;
				"CODE_SIGN_IDENTITY[sdk=iphoneos*]" = "iPhone Developer";
				COPY_PHASE_STRIP = NO;
				DEBUG_INFORMATION_FORMAT = "dwarf-with-dsym";
				ENABLE_NS_ASSERTIONS = NO;
				ENABLE_STRICT_OBJC_MSGSEND = YES;
				GCC_C_LANGUAGE_STANDARD = gnu99;
				GCC_NO_COMMON_BLOCKS = YES;
				GCC_WARN_64_TO_32_BIT_CONVERSION = YES;
				GCC_WARN_ABOUT_RETURN_TYPE = YES_ERROR;
				GCC_WARN_UNDECLARED_SELECTOR = YES;
				GCC_WARN_UNINITIALIZED_AUTOS = YES_AGGRESSIVE;
				GCC_WARN_UNUSED_FUNCTION = YES;
				GCC_WARN_UNUSED_VARIABLE = YES;
				IPHONEOS_DEPLOYMENT_TARGET = 9.2;
				MTL_ENABLE_DEBUG_INFO = NO;
				SDKROOT = iphoneos;
				TARGETED_DEVICE_FAMILY = "1,2";
				VALIDATE_PRODUCT = YES;
			};
			name = Release;
		};
		495D98C21C7508C6008BB6BA /* Debug */ = {
			isa = XCBuildConfiguration;
			buildSettings = {
				ASSETCATALOG_COMPILER_APPICON_NAME = AppIcon;
				INFOPLIST_FILE = BuscadorSwift/Info.plist;
				LD_RUNPATH_SEARCH_PATHS = "$(inherited) @executable_path/Frameworks";
				PRODUCT_BUNDLE_IDENTIFIER = com.devworms.BuscadorSwift;
				PRODUCT_NAME = "$(TARGET_NAME)";
			};
			name = Debug;
		};
		495D98C31C7508C6008BB6BA /* Release */ = {
			isa = XCBuildConfiguration;
			buildSettings = {
				ASSETCATALOG_COMPILER_APPICON_NAME = AppIcon;
				INFOPLIST_FILE = BuscadorSwift/Info.plist;
				LD_RUNPATH_SEARCH_PATHS = "$(inherited) @executable_path/Frameworks";
				PRODUCT_BUNDLE_IDENTIFIER = com.devworms.BuscadorSwift;
				PRODUCT_NAME = "$(TARGET_NAME)";
			};
			name = Release;
		};
		495D98C51C7508C6008BB6BA /* Debug */ = {
			isa = XCBuildConfiguration;
			buildSettings = {
				BUNDLE_LOADER = "$(TEST_HOST)";
				INFOPLIST_FILE = BuscadorSwiftTests/Info.plist;
				LD_RUNPATH_SEARCH_PATHS = "$(inherited) @executable_path/Frameworks @loader_path/Frameworks";
				PRODUCT_BUNDLE_IDENTIFIER = com.devworms.BuscadorSwiftTests;
				PRODUCT_NAME = "$(TARGET_NAME)";
				TEST_HOST = "$(BUILT_PRODUCTS_DIR)/BuscadorSwift.app/BuscadorSwift";
			};
			name = Debug;
		};
		495D98C61C7508C6008BB6BA /* Release */ = {
			isa = XCBuildConfiguration;
			buildSettings = {
				BUNDLE_LOADER = "$(TEST_HOST)";
				INFOPLIST_FILE = BuscadorSwiftTests/Info.plist;
				LD_RUNPATH_SEARCH_PATHS = "$(inherited) @executable_path/Frameworks @loader_path/Frameworks";
				PRODUCT_BUNDLE_IDENTIFIER = com.devworms.BuscadorSwiftTests;
				PRODUCT_NAME = "$(TARGET_NAME)";
				TEST_HOST = "$(BUILT_PRODUCTS_DIR)/BuscadorSwift.app/BuscadorSwift";
			};
			name = Release;
		};
		495D98C81C7508C6008BB6BA /* Debug */ = {
			isa = XCBuildConfiguration;
			buildSettings = {
				INFOPLIST_FILE = BuscadorSwiftUITests/Info.plist;
				LD_RUNPATH_SEARCH_PATHS = "$(inherited) @executable_path/Frameworks @loader_path/Frameworks";
				PRODUCT_BUNDLE_IDENTIFIER = com.devworms.BuscadorSwiftUITests;
				PRODUCT_NAME = "$(TARGET_NAME)";
				TEST_TARGET_NAME = BuscadorSwift;
				USES_XCTRUNNER = YES;
			};
			name = Debug;
		};
		495D98C91C7508C6008BB6BA /* Release */ = {
			isa = XCBuildConfiguration;
			buildSettings = {
				INFOPLIST_FILE = BuscadorSwiftUITests/Info.plist;
				LD_RUNPATH_SEARCH_PATHS = "$(inherited) @executable_path/Frameworks @loader_path/Frameworks";
				PRODUCT_BUNDLE_IDENTIFIER = com.devworms.BuscadorSwiftUITests;
				PRODUCT_NAME = "$(TARGET_NAME)";
				TEST_TARGET_NAME = BuscadorSwift;
				USES_XCTRUNNER = YES;
			};
			name = Release;
		};
/* End XCBuildConfiguration section */

/* Begin XCConfigurationList section */
		495D98941C7508C6008BB6BA /* Build configuration list for PBXProject "BuscadorSwift" */ = {
			isa = XCConfigurationList;
			buildConfigurations = (
				495D98BF1C7508C6008BB6BA /* Debug */,
				495D98C01C7508C6008BB6BA /* Release */,
			);
			defaultConfigurationIsVisible = 0;
			defaultConfigurationName = Release;
		};
		495D98C11C7508C6008BB6BA /* Build configuration list for PBXNativeTarget "BuscadorSwift" */ = {
			isa = XCConfigurationList;
			buildConfigurations = (
				495D98C21C7508C6008BB6BA /* Debug */,
				495D98C31C7508C6008BB6BA /* Release */,
			);
			defaultConfigurationIsVisible = 0;
		};
		495D98C41C7508C6008BB6BA /* Build configuration list for PBXNativeTarget "BuscadorSwiftTests" */ = {
			isa = XCConfigurationList;
			buildConfigurations = (
				495D98C51C7508C6008BB6BA /* Debug */,
				495D98C61C7508C6008BB6BA /* Release */,
			);
			defaultConfigurationIsVisible = 0;
		};
		495D98C71C7508C6008BB6BA /* Build configuration list for PBXNativeTarget "BuscadorSwiftUITests" */ = {
			isa = XCConfigurationList;
			buildConfigurations = (
				495D98C81C7508C6008BB6BA /* Debug */,
				495D98C91C7508C6008BB6BA /* Release */,
			);
			defaultConfigurationIsVisible = 0;
		};
/* End XCConfigurationList section */
	};
	rootObject = 495D98911C7508C6008BB6BA /* Project object */;
}
